
Microsoft Visual Studio Solution File, Format Version 10.00
# Visual Studio 2008
Project("{8BC9CEB8-8B4A-11D0-8D11-00A0C91BC942}") = "apisnap", "apisnap.vcproj", "{35DF616D-935E-4903-87BE-26C635277B50}"
EndProject
Project("{8BC9CEB8-8B4A-11D0-8D11-00A0C91BC942}") = "PITest", "PITest\PITest.vcproj", "{67E3D20D-963E-4A98-8272-7F73D0A9BDAF}"
EndProject
Global
	GlobalSection(SolutionConfigurationPlatforms) = preSolution
		Debug|Win32 = Debug|Win32
		Release|Win32 = Release|Win32
	EndGlobalSection
	GlobalSection(ProjectConfigurationPlatforms) = postSolution
		{35DF616D-935E-4903-87BE-26C635277B50}.Debug|Win32.ActiveCfg = Debug|Win32
		{35DF616D-935E-4903-87BE-26C635277B50}.Debug|Win32.Build.0 = Debug|Win32
		{35DF616D-935E-4903-87BE-26C635277B50}.Release|Win32.ActiveCfg = Release|Win32
		{35DF616D-935E-4903-87BE-26C635277B50}.Release|Win32.Build.0 = Release|Win32
		{67E3D20D-963E-4A98-8272-7F73D0A9BDAF}.Debug|Win32.ActiveCfg = Debug|Win32
		{67E3D20D-963E-4A98-8272-7F73D0A9BDAF}.Debug|Win32.Build.0 = Debug|Win32
		{67E3D20D-963E-4A98-8272-7F73D0A9BDAF}.Release|Win32.ActiveCfg = Release|Win32
		{67E3D20D-963E-4A98-8272-7F73D0A9BDAF}.Release|Win32.Build.0 = Release|Win32
	EndGlobalSection
	GlobalSection(SolutionProperties) = preSolution
		HideSolutionNode = FALSE
	EndGlobalSection
EndGlobal
